// !$*UTF8*$!
{
	archiveVersion = 1;
	classes = {
	};
	objectVersion = 52;
	objects = {

/* Begin PBXBuildFile section */
		9BD928DE2602BFA100248AF8 /* AppDelegate.swift in Sources */ = {isa = PBXBuildFile; fileRef = 9BD928DD2602BFA100248AF8 /* AppDelegate.swift */; };
		9BD928E02602BFA100248AF8 /* SceneDelegate.swift in Sources */ = {isa = PBXBuildFile; fileRef = 9BD928DF2602BFA100248AF8 /* SceneDelegate.swift */; };
		9BD928E72602BFA400248AF8 /* Assets.xcassets in Resources */ = {isa = PBXBuildFile; fileRef = 9BD928E62602BFA400248AF8 /* Assets.xcassets */; };
		9BD928F52602BFA400248AF8 /* gatorholdemTests.swift in Sources */ = {isa = PBXBuildFile; fileRef = 9BD928F42602BFA400248AF8 /* gatorholdemTests.swift */; };
		9BD929002602BFA400248AF8 /* gatorholdemUITests.swift in Sources */ = {isa = PBXBuildFile; fileRef = 9BD928FF2602BFA400248AF8 /* gatorholdemUITests.swift */; };
		9BD929122602BFFA00248AF8 /* Main.storyboard in Resources */ = {isa = PBXBuildFile; fileRef = 9BD929102602BFFA00248AF8 /* Main.storyboard */; };
		9BD929272602C11100248AF8 /* API.swift in Sources */ = {isa = PBXBuildFile; fileRef = 9BD929262602C11100248AF8 /* API.swift */; };
		9BD9292C2602C12900248AF8 /* Constants.swift in Sources */ = {isa = PBXBuildFile; fileRef = 9BD9292B2602C12900248AF8 /* Constants.swift */; };
		9BD929372602C17700248AF8 /* SocketIO in Frameworks */ = {isa = PBXBuildFile; productRef = 9BD929362602C17700248AF8 /* SocketIO */; };
		9BD9294C2602C6B100248AF8 /* GHlogo.png in Resources */ = {isa = PBXBuildFile; fileRef = 9BD9294B2602C6B100248AF8 /* GHlogo.png */; };
		9BEB264B2603FE3600578C9B /* HomeViewController.swift in Sources */ = {isa = PBXBuildFile; fileRef = 9BEB264A2603FE3600578C9B /* HomeViewController.swift */; };
		9BEB26522603FE5500578C9B /* LoginViewController.swift in Sources */ = {isa = PBXBuildFile; fileRef = 9BEB264F2603FE5500578C9B /* LoginViewController.swift */; };
		9BEB26532603FE5500578C9B /* SignUpViewController.swift in Sources */ = {isa = PBXBuildFile; fileRef = 9BEB26502603FE5500578C9B /* SignUpViewController.swift */; };
		9BEB26542603FE5500578C9B /* ViewController.swift in Sources */ = {isa = PBXBuildFile; fileRef = 9BEB26512603FE5500578C9B /* ViewController.swift */; };
/* End PBXBuildFile section */

/* Begin PBXContainerItemProxy section */
		9BD928F12602BFA400248AF8 /* PBXContainerItemProxy */ = {
			isa = PBXContainerItemProxy;
			containerPortal = 9BD928D22602BFA100248AF8 /* Project object */;
			proxyType = 1;
			remoteGlobalIDString = 9BD928D92602BFA100248AF8;
			remoteInfo = gatorholdem;
		};
		9BD928FC2602BFA400248AF8 /* PBXContainerItemProxy */ = {
			isa = PBXContainerItemProxy;
			containerPortal = 9BD928D22602BFA100248AF8 /* Project object */;
			proxyType = 1;
			remoteGlobalIDString = 9BD928D92602BFA100248AF8;
			remoteInfo = gatorholdem;
		};
/* End PBXContainerItemProxy section */

/* Begin PBXFileReference section */
		9BD928DA2602BFA100248AF8 /* gatorholdem.app */ = {isa = PBXFileReference; explicitFileType = wrapper.application; includeInIndex = 0; path = gatorholdem.app; sourceTree = BUILT_PRODUCTS_DIR; };
		9BD928DD2602BFA100248AF8 /* AppDelegate.swift */ = {isa = PBXFileReference; lastKnownFileType = sourcecode.swift; path = AppDelegate.swift; sourceTree = "<group>"; };
		9BD928DF2602BFA100248AF8 /* SceneDelegate.swift */ = {isa = PBXFileReference; lastKnownFileType = sourcecode.swift; path = SceneDelegate.swift; sourceTree = "<group>"; };
		9BD928E62602BFA400248AF8 /* Assets.xcassets */ = {isa = PBXFileReference; lastKnownFileType = folder.assetcatalog; path = Assets.xcassets; sourceTree = "<group>"; };
		9BD928EB2602BFA400248AF8 /* Info.plist */ = {isa = PBXFileReference; lastKnownFileType = text.plist.xml; path = Info.plist; sourceTree = "<group>"; };
		9BD928F02602BFA400248AF8 /* gatorholdemTests.xctest */ = {isa = PBXFileReference; explicitFileType = wrapper.cfbundle; includeInIndex = 0; path = gatorholdemTests.xctest; sourceTree = BUILT_PRODUCTS_DIR; };
		9BD928F42602BFA400248AF8 /* gatorholdemTests.swift */ = {isa = PBXFileReference; lastKnownFileType = sourcecode.swift; path = gatorholdemTests.swift; sourceTree = "<group>"; };
		9BD928F62602BFA400248AF8 /* Info.plist */ = {isa = PBXFileReference; lastKnownFileType = text.plist.xml; path = Info.plist; sourceTree = "<group>"; };
		9BD928FB2602BFA400248AF8 /* gatorholdemUITests.xctest */ = {isa = PBXFileReference; explicitFileType = wrapper.cfbundle; includeInIndex = 0; path = gatorholdemUITests.xctest; sourceTree = BUILT_PRODUCTS_DIR; };
		9BD928FF2602BFA400248AF8 /* gatorholdemUITests.swift */ = {isa = PBXFileReference; lastKnownFileType = sourcecode.swift; path = gatorholdemUITests.swift; sourceTree = "<group>"; };
		9BD929012602BFA400248AF8 /* Info.plist */ = {isa = PBXFileReference; lastKnownFileType = text.plist.xml; path = Info.plist; sourceTree = "<group>"; };
		9BD929112602BFFA00248AF8 /* Base */ = {isa = PBXFileReference; lastKnownFileType = file.storyboard; name = Base; path = ../../../Documents/GATORHOLDEM/GATORHOLDEM/Base.lproj/Main.storyboard; sourceTree = "<group>"; };
		9BD929262602C11100248AF8 /* API.swift */ = {isa = PBXFileReference; fileEncoding = 4; lastKnownFileType = sourcecode.swift; name = API.swift; path = ../../../Documents/GATORHOLDEM/GATORHOLDEM/API.swift; sourceTree = "<group>"; };
		9BD9292B2602C12900248AF8 /* Constants.swift */ = {isa = PBXFileReference; fileEncoding = 4; lastKnownFileType = sourcecode.swift; name = Constants.swift; path = ../../../Documents/GATORHOLDEM/GATORHOLDEM/Helper/Constants.swift; sourceTree = "<group>"; };
		9BD9294B2602C6B100248AF8 /* GHlogo.png */ = {isa = PBXFileReference; lastKnownFileType = image.png; name = GHlogo.png; path = ../../GHlogo.png; sourceTree = "<group>"; };
		9BEB264A2603FE3600578C9B /* HomeViewController.swift */ = {isa = PBXFileReference; fileEncoding = 4; lastKnownFileType = sourcecode.swift; path = HomeViewController.swift; sourceTree = "<group>"; };
		9BEB264F2603FE5500578C9B /* LoginViewController.swift */ = {isa = PBXFileReference; fileEncoding = 4; lastKnownFileType = sourcecode.swift; path = LoginViewController.swift; sourceTree = "<group>"; };
		9BEB26502603FE5500578C9B /* SignUpViewController.swift */ = {isa = PBXFileReference; fileEncoding = 4; lastKnownFileType = sourcecode.swift; path = SignUpViewController.swift; sourceTree = "<group>"; };
		9BEB26512603FE5500578C9B /* ViewController.swift */ = {isa = PBXFileReference; fileEncoding = 4; lastKnownFileType = sourcecode.swift; path = ViewController.swift; sourceTree = "<group>"; };
/* End PBXFileReference section */

/* Begin PBXFrameworksBuildPhase section */
		9BD928D72602BFA100248AF8 /* Frameworks */ = {
			isa = PBXFrameworksBuildPhase;
			buildActionMask = 2147483647;
			files = (
				9BD929372602C17700248AF8 /* SocketIO in Frameworks */,
			);
			runOnlyForDeploymentPostprocessing = 0;
		};
		9BD928ED2602BFA400248AF8 /* Frameworks */ = {
			isa = PBXFrameworksBuildPhase;
			buildActionMask = 2147483647;
			files = (
			);
			runOnlyForDeploymentPostprocessing = 0;
		};
		9BD928F82602BFA400248AF8 /* Frameworks */ = {
			isa = PBXFrameworksBuildPhase;
			buildActionMask = 2147483647;
			files = (
			);
			runOnlyForDeploymentPostprocessing = 0;
		};
/* End PBXFrameworksBuildPhase section */

/* Begin PBXGroup section */
		9BD928D12602BFA100248AF8 = {
			isa = PBXGroup;
			children = (
				9BD928DC2602BFA100248AF8 /* gatorholdem */,
				9BD928F32602BFA400248AF8 /* gatorholdemTests */,
				9BD928FE2602BFA400248AF8 /* gatorholdemUITests */,
				9BD928DB2602BFA100248AF8 /* Products */,
			);
			sourceTree = "<group>";
		};
		9BD928DB2602BFA100248AF8 /* Products */ = {
			isa = PBXGroup;
			children = (
				9BD928DA2602BFA100248AF8 /* gatorholdem.app */,
				9BD928F02602BFA400248AF8 /* gatorholdemTests.xctest */,
				9BD928FB2602BFA400248AF8 /* gatorholdemUITests.xctest */,
			);
			name = Products;
			sourceTree = "<group>";
		};
		9BD928DC2602BFA100248AF8 /* gatorholdem */ = {
			isa = PBXGroup;
			children = (
				9BD928DD2602BFA100248AF8 /* AppDelegate.swift */,
				9BD928DF2602BFA100248AF8 /* SceneDelegate.swift */,
				9BEB264A2603FE3600578C9B /* HomeViewController.swift */,
				9BD929262602C11100248AF8 /* API.swift */,
				9BD929102602BFFA00248AF8 /* Main.storyboard */,
				9BD9294B2602C6B100248AF8 /* GHlogo.png */,
				9BEB264F2603FE5500578C9B /* LoginViewController.swift */,
				9BEB26502603FE5500578C9B /* SignUpViewController.swift */,
				9BEB26512603FE5500578C9B /* ViewController.swift */,
				9BD9292B2602C12900248AF8 /* Constants.swift */,
				9BD928E62602BFA400248AF8 /* Assets.xcassets */,
				9BD928EB2602BFA400248AF8 /* Info.plist */,
			);
			path = gatorholdem;
			sourceTree = "<group>";
		};
		9BD928F32602BFA400248AF8 /* gatorholdemTests */ = {
			isa = PBXGroup;
			children = (
				9BD928F42602BFA400248AF8 /* gatorholdemTests.swift */,
				9BD928F62602BFA400248AF8 /* Info.plist */,
			);
			path = gatorholdemTests;
			sourceTree = "<group>";
		};
		9BD928FE2602BFA400248AF8 /* gatorholdemUITests */ = {
			isa = PBXGroup;
			children = (
				9BD928FF2602BFA400248AF8 /* gatorholdemUITests.swift */,
				9BD929012602BFA400248AF8 /* Info.plist */,
			);
			path = gatorholdemUITests;
			sourceTree = "<group>";
		};
/* End PBXGroup section */

/* Begin PBXNativeTarget section */
		9BD928D92602BFA100248AF8 /* gatorholdem */ = {
			isa = PBXNativeTarget;
			buildConfigurationList = 9BD929042602BFA400248AF8 /* Build configuration list for PBXNativeTarget "gatorholdem" */;
			buildPhases = (
				9BD928D62602BFA100248AF8 /* Sources */,
				9BD928D72602BFA100248AF8 /* Frameworks */,
				9BD928D82602BFA100248AF8 /* Resources */,
			);
			buildRules = (
			);
			dependencies = (
			);
			name = gatorholdem;
			packageProductDependencies = (
				9BD929362602C17700248AF8 /* SocketIO */,
			);
			productName = gatorholdem;
			productReference = 9BD928DA2602BFA100248AF8 /* gatorholdem.app */;
			productType = "com.apple.product-type.application";
		};
		9BD928EF2602BFA400248AF8 /* gatorholdemTests */ = {
			isa = PBXNativeTarget;
			buildConfigurationList = 9BD929072602BFA400248AF8 /* Build configuration list for PBXNativeTarget "gatorholdemTests" */;
			buildPhases = (
				9BD928EC2602BFA400248AF8 /* Sources */,
				9BD928ED2602BFA400248AF8 /* Frameworks */,
				9BD928EE2602BFA400248AF8 /* Resources */,
			);
			buildRules = (
			);
			dependencies = (
				9BD928F22602BFA400248AF8 /* PBXTargetDependency */,
			);
			name = gatorholdemTests;
			productName = gatorholdemTests;
			productReference = 9BD928F02602BFA400248AF8 /* gatorholdemTests.xctest */;
			productType = "com.apple.product-type.bundle.unit-test";
		};
		9BD928FA2602BFA400248AF8 /* gatorholdemUITests */ = {
			isa = PBXNativeTarget;
			buildConfigurationList = 9BD9290A2602BFA400248AF8 /* Build configuration list for PBXNativeTarget "gatorholdemUITests" */;
			buildPhases = (
				9BD928F72602BFA400248AF8 /* Sources */,
				9BD928F82602BFA400248AF8 /* Frameworks */,
				9BD928F92602BFA400248AF8 /* Resources */,
			);
			buildRules = (
			);
			dependencies = (
				9BD928FD2602BFA400248AF8 /* PBXTargetDependency */,
			);
			name = gatorholdemUITests;
			productName = gatorholdemUITests;
			productReference = 9BD928FB2602BFA400248AF8 /* gatorholdemUITests.xctest */;
			productType = "com.apple.product-type.bundle.ui-testing";
		};
/* End PBXNativeTarget section */

/* Begin PBXProject section */
		9BD928D22602BFA100248AF8 /* Project object */ = {
			isa = PBXProject;
			attributes = {
				LastSwiftUpdateCheck = 1240;
				LastUpgradeCheck = 1240;
				TargetAttributes = {
					9BD928D92602BFA100248AF8 = {
						CreatedOnToolsVersion = 12.4;
					};
					9BD928EF2602BFA400248AF8 = {
						CreatedOnToolsVersion = 12.4;
						TestTargetID = 9BD928D92602BFA100248AF8;
					};
					9BD928FA2602BFA400248AF8 = {
						CreatedOnToolsVersion = 12.4;
						TestTargetID = 9BD928D92602BFA100248AF8;
					};
				};
			};
			buildConfigurationList = 9BD928D52602BFA100248AF8 /* Build configuration list for PBXProject "gatorholdem" */;
			compatibilityVersion = "Xcode 9.3";
			developmentRegion = en;
			hasScannedForEncodings = 0;
			knownRegions = (
				en,
				Base,
			);
			mainGroup = 9BD928D12602BFA100248AF8;
			packageReferences = (
				9BD929352602C17700248AF8 /* XCRemoteSwiftPackageReference "socket" */,
			);
			productRefGroup = 9BD928DB2602BFA100248AF8 /* Products */;
			projectDirPath = "";
			projectRoot = "";
			targets = (
				9BD928D92602BFA100248AF8 /* gatorholdem */,
				9BD928EF2602BFA400248AF8 /* gatorholdemTests */,
				9BD928FA2602BFA400248AF8 /* gatorholdemUITests */,
			);
		};
/* End PBXProject section */

/* Begin PBXResourcesBuildPhase section */
		9BD928D82602BFA100248AF8 /* Resources */ = {
			isa = PBXResourcesBuildPhase;
			buildActionMask = 2147483647;
			files = (
				9BD928E72602BFA400248AF8 /* Assets.xcassets in Resources */,
				9BD9294C2602C6B100248AF8 /* GHlogo.png in Resources */,
				9BD929122602BFFA00248AF8 /* Main.storyboard in Resources */,
			);
			runOnlyForDeploymentPostprocessing = 0;
		};
		9BD928EE2602BFA400248AF8 /* Resources */ = {
			isa = PBXResourcesBuildPhase;
			buildActionMask = 2147483647;
			files = (
			);
			runOnlyForDeploymentPostprocessing = 0;
		};
		9BD928F92602BFA400248AF8 /* Resources */ = {
			isa = PBXResourcesBuildPhase;
			buildActionMask = 2147483647;
			files = (
			);
			runOnlyForDeploymentPostprocessing = 0;
		};
/* End PBXResourcesBuildPhase section */

/* Begin PBXSourcesBuildPhase section */
		9BD928D62602BFA100248AF8 /* Sources */ = {
			isa = PBXSourcesBuildPhase;
			buildActionMask = 2147483647;
			files = (
				9BEB26522603FE5500578C9B /* LoginViewController.swift in Sources */,
				9BD928DE2602BFA100248AF8 /* AppDelegate.swift in Sources */,
				9BEB26542603FE5500578C9B /* ViewController.swift in Sources */,
				9BEB26532603FE5500578C9B /* SignUpViewController.swift in Sources */,
				9BD928E02602BFA100248AF8 /* SceneDelegate.swift in Sources */,
				9BEB264B2603FE3600578C9B /* HomeViewController.swift in Sources */,
				9BD929272602C11100248AF8 /* API.swift in Sources */,
				9BD9292C2602C12900248AF8 /* Constants.swift in Sources */,
			);
			runOnlyForDeploymentPostprocessing = 0;
		};
		9BD928EC2602BFA400248AF8 /* Sources */ = {
			isa = PBXSourcesBuildPhase;
			buildActionMask = 2147483647;
			files = (
				9BD928F52602BFA400248AF8 /* gatorholdemTests.swift in Sources */,
			);
			runOnlyForDeploymentPostprocessing = 0;
		};
		9BD928F72602BFA400248AF8 /* Sources */ = {
			isa = PBXSourcesBuildPhase;
			buildActionMask = 2147483647;
			files = (
				9BD929002602BFA400248AF8 /* gatorholdemUITests.swift in Sources */,
			);
			runOnlyForDeploymentPostprocessing = 0;
		};
/* End PBXSourcesBuildPhase section */

/* Begin PBXTargetDependency section */
		9BD928F22602BFA400248AF8 /* PBXTargetDependency */ = {
			isa = PBXTargetDependency;
			target = 9BD928D92602BFA100248AF8 /* gatorholdem */;
			targetProxy = 9BD928F12602BFA400248AF8 /* PBXContainerItemProxy */;
		};
		9BD928FD2602BFA400248AF8 /* PBXTargetDependency */ = {
			isa = PBXTargetDependency;
			target = 9BD928D92602BFA100248AF8 /* gatorholdem */;
			targetProxy = 9BD928FC2602BFA400248AF8 /* PBXContainerItemProxy */;
		};
/* End PBXTargetDependency section */

/* Begin PBXVariantGroup section */
		9BD929102602BFFA00248AF8 /* Main.storyboard */ = {
			isa = PBXVariantGroup;
			children = (
				9BD929112602BFFA00248AF8 /* Base */,
			);
			name = Main.storyboard;
			sourceTree = "<group>";
		};
/* End PBXVariantGroup section */

/* Begin XCBuildConfiguration section */
		9BD929022602BFA400248AF8 /* Debug */ = {
			isa = XCBuildConfiguration;
			buildSettings = {
				ALWAYS_SEARCH_USER_PATHS = NO;
				CLANG_ANALYZER_NONNULL = YES;
				CLANG_ANALYZER_NUMBER_OBJECT_CONVERSION = YES_AGGRESSIVE;
				CLANG_CXX_LANGUAGE_STANDARD = "gnu++14";
				CLANG_CXX_LIBRARY = "libc++";
				CLANG_ENABLE_MODULES = YES;
				CLANG_ENABLE_OBJC_ARC = YES;
				CLANG_ENABLE_OBJC_WEAK = YES;
				CLANG_WARN_BLOCK_CAPTURE_AUTORELEASING = YES;
				CLANG_WARN_BOOL_CONVERSION = YES;
				CLANG_WARN_COMMA = YES;
				CLANG_WARN_CONSTANT_CONVERSION = YES;
				CLANG_WARN_DEPRECATED_OBJC_IMPLEMENTATIONS = YES;
				CLANG_WARN_DIRECT_OBJC_ISA_USAGE = YES_ERROR;
				CLANG_WARN_DOCUMENTATION_COMMENTS = YES;
				CLANG_WARN_EMPTY_BODY = YES;
				CLANG_WARN_ENUM_CONVERSION = YES;
				CLANG_WARN_INFINITE_RECURSION = YES;
				CLANG_WARN_INT_CONVERSION = YES;
				CLANG_WARN_NON_LITERAL_NULL_CONVERSION = YES;
				CLANG_WARN_OBJC_IMPLICIT_RETAIN_SELF = YES;
				CLANG_WARN_OBJC_LITERAL_CONVERSION = YES;
				CLANG_WARN_OBJC_ROOT_CLASS = YES_ERROR;
				CLANG_WARN_QUOTED_INCLUDE_IN_FRAMEWORK_HEADER = YES;
				CLANG_WARN_RANGE_LOOP_ANALYSIS = YES;
				CLANG_WARN_STRICT_PROTOTYPES = YES;
				CLANG_WARN_SUSPICIOUS_MOVE = YES;
				CLANG_WARN_UNGUARDED_AVAILABILITY = YES_AGGRESSIVE;
				CLANG_WARN_UNREACHABLE_CODE = YES;
				CLANG_WARN__DUPLICATE_METHOD_MATCH = YES;
				COPY_PHASE_STRIP = NO;
				DEBUG_INFORMATION_FORMAT = dwarf;
				ENABLE_STRICT_OBJC_MSGSEND = YES;
				ENABLE_TESTABILITY = YES;
				GCC_C_LANGUAGE_STANDARD = gnu11;
				GCC_DYNAMIC_NO_PIC = NO;
				GCC_NO_COMMON_BLOCKS = YES;
				GCC_OPTIMIZATION_LEVEL = 0;
				GCC_PREPROCESSOR_DEFINITIONS = (
					"DEBUG=1",
					"$(inherited)",
				);
				GCC_WARN_64_TO_32_BIT_CONVERSION = YES;
				GCC_WARN_ABOUT_RETURN_TYPE = YES_ERROR;
				GCC_WARN_UNDECLARED_SELECTOR = YES;
				GCC_WARN_UNINITIALIZED_AUTOS = YES_AGGRESSIVE;
				GCC_WARN_UNUSED_FUNCTION = YES;
				GCC_WARN_UNUSED_VARIABLE = YES;
				IPHONEOS_DEPLOYMENT_TARGET = 14.4;
				MTL_ENABLE_DEBUG_INFO = INCLUDE_SOURCE;
				MTL_FAST_MATH = YES;
				ONLY_ACTIVE_ARCH = YES;
				SDKROOT = iphoneos;
				SWIFT_ACTIVE_COMPILATION_CONDITIONS = DEBUG;
				SWIFT_OPTIMIZATION_LEVEL = "-Onone";
			};
			name = Debug;
		};
		9BD929032602BFA400248AF8 /* Release */ = {
			isa = XCBuildConfiguration;
			buildSettings = {
				ALWAYS_SEARCH_USER_PATHS = NO;
				CLANG_ANALYZER_NONNULL = YES;
				CLANG_ANALYZER_NUMBER_OBJECT_CONVERSION = YES_AGGRESSIVE;
				CLANG_CXX_LANGUAGE_STANDARD = "gnu++14";
				CLANG_CXX_LIBRARY = "libc++";
				CLANG_ENABLE_MODULES = YES;
				CLANG_ENABLE_OBJC_ARC = YES;
				CLANG_ENABLE_OBJC_WEAK = YES;
				CLANG_WARN_BLOCK_CAPTURE_AUTORELEASING = YES;
				CLANG_WARN_BOOL_CONVERSION = YES;
				CLANG_WARN_COMMA = YES;
				CLANG_WARN_CONSTANT_CONVERSION = YES;
				CLANG_WARN_DEPRECATED_OBJC_IMPLEMENTATIONS = YES;
				CLANG_WARN_DIRECT_OBJC_ISA_USAGE = YES_ERROR;
				CLANG_WARN_DOCUMENTATION_COMMENTS = YES;
				CLANG_WARN_EMPTY_BODY = YES;
				CLANG_WARN_ENUM_CONVERSION = YES;
				CLANG_WARN_INFINITE_RECURSION = YES;
				CLANG_WARN_INT_CONVERSION = YES;
				CLANG_WARN_NON_LITERAL_NULL_CONVERSION = YES;
				CLANG_WARN_OBJC_IMPLICIT_RETAIN_SELF = YES;
				CLANG_WARN_OBJC_LITERAL_CONVERSION = YES;
				CLANG_WARN_OBJC_ROOT_CLASS = YES_ERROR;
				CLANG_WARN_QUOTED_INCLUDE_IN_FRAMEWORK_HEADER = YES;
				CLANG_WARN_RANGE_LOOP_ANALYSIS = YES;
				CLANG_WARN_STRICT_PROTOTYPES = YES;
				CLANG_WARN_SUSPICIOUS_MOVE = YES;
				CLANG_WARN_UNGUARDED_AVAILABILITY = YES_AGGRESSIVE;
				CLANG_WARN_UNREACHABLE_CODE = YES;
				CLANG_WARN__DUPLICATE_METHOD_MATCH = YES;
				COPY_PHASE_STRIP = NO;
				DEBUG_INFORMATION_FORMAT = "dwarf-with-dsym";
				ENABLE_NS_ASSERTIONS = NO;
				ENABLE_STRICT_OBJC_MSGSEND = YES;
				GCC_C_LANGUAGE_STANDARD = gnu11;
				GCC_NO_COMMON_BLOCKS = YES;
				GCC_WARN_64_TO_32_BIT_CONVERSION = YES;
				GCC_WARN_ABOUT_RETURN_TYPE = YES_ERROR;
				GCC_WARN_UNDECLARED_SELECTOR = YES;
				GCC_WARN_UNINITIALIZED_AUTOS = YES_AGGRESSIVE;
				GCC_WARN_UNUSED_FUNCTION = YES;
				GCC_WARN_UNUSED_VARIABLE = YES;
				IPHONEOS_DEPLOYMENT_TARGET = 14.4;
				MTL_ENABLE_DEBUG_INFO = NO;
				MTL_FAST_MATH = YES;
				SDKROOT = iphoneos;
				SWIFT_COMPILATION_MODE = wholemodule;
				SWIFT_OPTIMIZATION_LEVEL = "-O";
				VALIDATE_PRODUCT = YES;
			};
			name = Release;
		};
		9BD929052602BFA400248AF8 /* Debug */ = {
			isa = XCBuildConfiguration;
			buildSettings = {
				ASSETCATALOG_COMPILER_APPICON_NAME = AppIcon;
				ASSETCATALOG_COMPILER_GLOBAL_ACCENT_COLOR_NAME = AccentColor;
				CODE_SIGN_STYLE = Automatic;
				INFOPLIST_FILE = gatorholdem/Info.plist;
				LD_RUNPATH_SEARCH_PATHS = (
					"$(inherited)",
					"@executable_path/Frameworks",
				);
				PRODUCT_BUNDLE_IDENTIFIER = SeniorProject.gatorholdem;
				PRODUCT_NAME = "$(TARGET_NAME)";
				SWIFT_VERSION = 5.0;
				TARGETED_DEVICE_FAMILY = "1,2";
			};
			name = Debug;
		};
		9BD929062602BFA400248AF8 /* Release */ = {
			isa = XCBuildConfiguration;
			buildSettings = {
				ASSETCATALOG_COMPILER_APPICON_NAME = AppIcon;
				ASSETCATALOG_COMPILER_GLOBAL_ACCENT_COLOR_NAME = AccentColor;
				CODE_SIGN_STYLE = Automatic;
				INFOPLIST_FILE = gatorholdem/Info.plist;
				LD_RUNPATH_SEARCH_PATHS = (
					"$(inherited)",
					"@executable_path/Frameworks",
				);
				PRODUCT_BUNDLE_IDENTIFIER = SeniorProject.gatorholdem;
				PRODUCT_NAME = "$(TARGET_NAME)";
				SWIFT_VERSION = 5.0;
				TARGETED_DEVICE_FAMILY = "1,2";
			};
			name = Release;
		};
		9BD929082602BFA400248AF8 /* Debug */ = {
			isa = XCBuildConfiguration;
			buildSettings = {
				ALWAYS_EMBED_SWIFT_STANDARD_LIBRARIES = YES;
				BUNDLE_LOADER = "$(TEST_HOST)";
				CODE_SIGN_STYLE = Automatic;
				INFOPLIST_FILE = gatorholdemTests/Info.plist;
				IPHONEOS_DEPLOYMENT_TARGET = 14.4;
				LD_RUNPATH_SEARCH_PATHS = (
					"$(inherited)",
					"@executable_path/Frameworks",
					"@loader_path/Frameworks",
				);
				PRODUCT_BUNDLE_IDENTIFIER = SeniorProject.gatorholdemTests;
				PRODUCT_NAME = "$(TARGET_NAME)";
				SWIFT_VERSION = 5.0;
				TARGETED_DEVICE_FAMILY = "1,2";
				TEST_HOST = "$(BUILT_PRODUCTS_DIR)/gatorholdem.app/gatorholdem";
			};
			name = Debug;
		};
		9BD929092602BFA400248AF8 /* Release */ = {
			isa = XCBuildConfiguration;
			buildSettings = {
				ALWAYS_EMBED_SWIFT_STANDARD_LIBRARIES = YES;
				BUNDLE_LOADER = "$(TEST_HOST)";
				CODE_SIGN_STYLE = Automatic;
				INFOPLIST_FILE = gatorholdemTests/Info.plist;
				IPHONEOS_DEPLOYMENT_TARGET = 14.4;
				LD_RUNPATH_SEARCH_PATHS = (
					"$(inherited)",
					"@executable_path/Frameworks",
					"@loader_path/Frameworks",
				);
				PRODUCT_BUNDLE_IDENTIFIER = SeniorProject.gatorholdemTests;
				PRODUCT_NAME = "$(TARGET_NAME)";
				SWIFT_VERSION = 5.0;
				TARGETED_DEVICE_FAMILY = "1,2";
				TEST_HOST = "$(BUILT_PRODUCTS_DIR)/gatorholdem.app/gatorholdem";
			};
			name = Release;
		};
		9BD9290B2602BFA400248AF8 /* Debug */ = {
			isa = XCBuildConfiguration;
			buildSettings = {
				ALWAYS_EMBED_SWIFT_STANDARD_LIBRARIES = YES;
				CODE_SIGN_STYLE = Automatic;
				INFOPLIST_FILE = gatorholdemUITests/Info.plist;
				LD_RUNPATH_SEARCH_PATHS = (
					"$(inherited)",
					"@executable_path/Frameworks",
					"@loader_path/Frameworks",
				);
				PRODUCT_BUNDLE_IDENTIFIER = SeniorProject.gatorholdemUITests;
				PRODUCT_NAME = "$(TARGET_NAME)";
				SWIFT_VERSION = 5.0;
				TARGETED_DEVICE_FAMILY = "1,2";
				TEST_TARGET_NAME = gatorholdem;
			};
			name = Debug;
		};
		9BD9290C2602BFA400248AF8 /* Release */ = {
			isa = XCBuildConfiguration;
			buildSettings = {
				ALWAYS_EMBED_SWIFT_STANDARD_LIBRARIES = YES;
				CODE_SIGN_STYLE = Automatic;
				INFOPLIST_FILE = gatorholdemUITests/Info.plist;
				LD_RUNPATH_SEARCH_PATHS = (
					"$(inherited)",
					"@executable_path/Frameworks",
					"@loader_path/Frameworks",
				);
				PRODUCT_BUNDLE_IDENTIFIER = SeniorProject.gatorholdemUITests;
				PRODUCT_NAME = "$(TARGET_NAME)";
				SWIFT_VERSION = 5.0;
				TARGETED_DEVICE_FAMILY = "1,2";
				TEST_TARGET_NAME = gatorholdem;
			};
			name = Release;
		};
/* End XCBuildConfiguration section */

/* Begin XCConfigurationList section */
		9BD928D52602BFA100248AF8 /* Build configuration list for PBXProject "gatorholdem" */ = {
			isa = XCConfigurationList;
			buildConfigurations = (
				9BD929022602BFA400248AF8 /* Debug */,
				9BD929032602BFA400248AF8 /* Release */,
			);
			defaultConfigurationIsVisible = 0;
			defaultConfigurationName = Release;
		};
		9BD929042602BFA400248AF8 /* Build configuration list for PBXNativeTarget "gatorholdem" */ = {
			isa = XCConfigurationList;
			buildConfigurations = (
				9BD929052602BFA400248AF8 /* Debug */,
				9BD929062602BFA400248AF8 /* Release */,
			);
			defaultConfigurationIsVisible = 0;
			defaultConfigurationName = Release;
		};
		9BD929072602BFA400248AF8 /* Build configuration list for PBXNativeTarget "gatorholdemTests" */ = {
			isa = XCConfigurationList;
			buildConfigurations = (
				9BD929082602BFA400248AF8 /* Debug */,
				9BD929092602BFA400248AF8 /* Release */,
			);
			defaultConfigurationIsVisible = 0;
			defaultConfigurationName = Release;
		};
		9BD9290A2602BFA400248AF8 /* Build configuration list for PBXNativeTarget "gatorholdemUITests" */ = {
			isa = XCConfigurationList;
			buildConfigurations = (
				9BD9290B2602BFA400248AF8 /* Debug */,
				9BD9290C2602BFA400248AF8 /* Release */,
			);
			defaultConfigurationIsVisible = 0;
			defaultConfigurationName = Release;
		};
/* End XCConfigurationList section */

/* Begin XCRemoteSwiftPackageReference section */
		9BD929352602C17700248AF8 /* XCRemoteSwiftPackageReference "socket" */ = {
			isa = XCRemoteSwiftPackageReference;
			repositoryURL = "https://github.com/socketio/socket.io-client-swift";
			requirement = {
				kind = upToNextMajorVersion;
				minimumVersion = 16.0.1;
			};
		};
/* End XCRemoteSwiftPackageReference section */

/* Begin XCSwiftPackageProductDependency section */
		9BD929362602C17700248AF8 /* SocketIO */ = {
			isa = XCSwiftPackageProductDependency;
			package = 9BD929352602C17700248AF8 /* XCRemoteSwiftPackageReference "socket" */;
			productName = SocketIO;
		};
/* End XCSwiftPackageProductDependency section */
	};
	rootObject = 9BD928D22602BFA100248AF8 /* Project object */;
}
